{
    "name": "@mtourj/react-native-image-crop",
    "version": "1.0.2",
    "lockfileVersion": 1,
    "requires": true,
    "dependencies": {
        "@jkmf/react-native-clip-rect": {
            "version": "github:jkmf/react-native-clip-rect#1662cc161071bf1bda48187c4092ff88790e1aa5",
            "from": "github:jkmf/react-native-clip-rect"
        }
    }
}
